
Microsoft Visual Studio Solution File, Format Version 12.00
# Visual Studio Version 17
VisualStudioVersion = 17.5.002.0
MinimumVisualStudioVersion = 10.0.40219.1
Project("{9A19103F-16F7-4668-BE54-9A1E7A4F7556}") = "Atvd02", "Atvd02.csproj", "{B4EF9283-9856-4537-A559-2CFA9F7B7867}"
EndProject
Global
	GlobalSection(SolutionConfigurationPlatforms) = preSolution
		Debug|Any CPU = Debug|Any CPU
		Release|Any CPU = Release|Any CPU
	EndGlobalSection
	GlobalSection(ProjectConfigurationPlatforms) = postSolution
		{B4EF9283-9856-4537-A559-2CFA9F7B7867}.Debug|Any CPU.ActiveCfg = Debug|Any CPU
		{B4EF9283-9856-4537-A559-2CFA9F7B7867}.Debug|Any CPU.Build.0 = Debug|Any CPU
		{B4EF9283-9856-4537-A559-2CFA9F7B7867}.Release|Any CPU.ActiveCfg = Release|Any CPU
		{B4EF9283-9856-4537-A559-2CFA9F7B7867}.Release|Any CPU.Build.0 = Release|Any CPU
	EndGlobalSection
	GlobalSection(SolutionProperties) = preSolution
		HideSolutionNode = FALSE
	EndGlobalSection
	GlobalSection(ExtensibilityGlobals) = postSolution
		SolutionGuid = {2B8EF618-04E3-49D2-AE08-01D624D6DAA6}
	EndGlobalSection
EndGlobal
